
Microsoft Visual Studio Solution File, Format Version 12.00
# Visual Studio Version 17
VisualStudioVersion = 17.5.33627.172
MinimumVisualStudioVersion = 10.0.40219.1
Project("{FAE04EC0-301F-11D3-BF4B-00C04F79EFBC}") = "BlazorApp1", "BlazorApp1\BlazorApp1.csproj", "{A6DF4E8C-A80F-40A2-9B3A-E5101ABE91D2}"
EndProject
Global
	GlobalSection(SolutionConfigurationPlatforms) = preSolution
		Debug|Any CPU = Debug|Any CPU
		Release|Any CPU = Release|Any CPU
	EndGlobalSection
	GlobalSection(ProjectConfigurationPlatforms) = postSolution
		{A6DF4E8C-A80F-40A2-9B3A-E5101ABE91D2}.Debug|Any CPU.ActiveCfg = Debug|Any CPU
		{A6DF4E8C-A80F-40A2-9B3A-E5101ABE91D2}.Debug|Any CPU.Build.0 = Debug|Any CPU
		{A6DF4E8C-A80F-40A2-9B3A-E5101ABE91D2}.Release|Any CPU.ActiveCfg = Release|Any CPU
		{A6DF4E8C-A80F-40A2-9B3A-E5101ABE91D2}.Release|Any CPU.Build.0 = Release|Any CPU
	EndGlobalSection
	GlobalSection(SolutionProperties) = preSolution
		HideSolutionNode = FALSE
	EndGlobalSection
	GlobalSection(ExtensibilityGlobals) = postSolution
		SolutionGuid = {F039E478-DA80-463F-A4ED-DC9CE0AE684C}
	EndGlobalSection
EndGlobal
